{
  "name": "deepikbabu",
  "version": "1.0.0",
  "lockfileVersion": 3,
  "requires": true,
  "packages": {
    "": {
      "name": "deepikbabu",
      "version": "1.0.0",
      "license": "ISC",
      "dependencies": {
        "jsonfile": "^6.1.0",
        "moment": "^2.30.1",
        "random": "^5.1.1",
        "simple-git": "^3.27.0"
      }
    },
    "node_modules/jsonfile": {
      "version": "6.1.0",
      "resolved": "https://registry.npmjs.org/jsonfile/-/jsonfile-6.1.0.tgz",
      "integrity": "sha512-5dgndWOriYSm5cnYaJNhalLNDKOqFwyDB/rr1E9ZsGciGvKPs8R2xYGCacuf3z6K1YKDz182fd+fY3cn3pMqXQ==",
      "license": "MIT",
      "dependencies": {
        "universalify": "^2.0.0"
      }
    },
    "node_modules/moment": {
      "version": "2.30.1",
      "resolved": "https://registry.npmjs.org/moment/-/moment-2.30.1.tgz",
      "integrity": "sha512-uEmtNhbDOrWPFS+hdjFCBfy9f2YoyzRpwcl+DqpC6taX21FzsTLQVbMV/W7PzNSX6x/bhC1zA3c2UQ5NzH6how==",
      "license": "MIT"
    },
    "node_modules/random": {
      "version": "5.1.1",
      "resolved": "https://registry.npmjs.org/random/-/random-5.1.1.tgz",
      "integrity": "sha512-iidvORUvXY1ItoYxO0eduHCKl22QV0G6460vRHe862dUagJKPhRyjUGwK8ioOCG4NRuFvExHFpqMngsnr2miwA==",
      "license": "MIT",
      "engines": {
        "node": ">=18"
      }
    },
    "node_modules/simple-git": {
      "version": "3.27.0",
      "resolved": "https://registry.npmjs.org/simple-git/-/simple-git-3.27.0.tgz",
      "integrity": "sha512-ivHoFS9Yi9GY49ogc6/YAi3Fl9ROnF4VyubNylgCkA+RVqLaKWnDSzXOVzya8csELIaWaYNutsEuAhZrtOjozA==",
      "license": "MIT"
    }
  }
}
